
Microsoft Visual Studio Solution File, Format Version 12.00
# Visual Studio 15
VisualStudioVersion = 15.0.27130.2003
MinimumVisualStudioVersion = 10.0.40219.1
Project("{FAE04EC0-301F-11D3-BF4B-00C04F79EFBC}") = "CSharp", "CSharp\CSharp.csproj", "{F5770CBF-4D66-459E-B822-97FC99284131}"
EndProject
Global
	GlobalSection(SolutionConfigurationPlatforms) = preSolution
		Debug|Any CPU = Debug|Any CPU
		Release|Any CPU = Release|Any CPU
	EndGlobalSection
	GlobalSection(ProjectConfigurationPlatforms) = postSolution
		{F5770CBF-4D66-459E-B822-97FC99284131}.Debug|Any CPU.ActiveCfg = Debug|Any CPU
		{F5770CBF-4D66-459E-B822-97FC99284131}.Debug|Any CPU.Build.0 = Debug|Any CPU
		{F5770CBF-4D66-459E-B822-97FC99284131}.Release|Any CPU.ActiveCfg = Release|Any CPU
		{F5770CBF-4D66-459E-B822-97FC99284131}.Release|Any CPU.Build.0 = Release|Any CPU
	EndGlobalSection
	GlobalSection(SolutionProperties) = preSolution
		HideSolutionNode = FALSE
	EndGlobalSection
	GlobalSection(ExtensibilityGlobals) = postSolution
		SolutionGuid = {70580D5D-1C79-4F1F-927A-513969328D3E}
	EndGlobalSection
EndGlobal
